
Microsoft Visual Studio Solution File, Format Version 12.00
# Visual Studio Version 16
VisualStudioVersion = 16.0.30320.27
MinimumVisualStudioVersion = 10.0.40219.1
Project("{9A19103F-16F7-4668-BE54-9A1E7A4F7556}") = "PracticeTaskServer", "PracticeTaskServer\PracticeTaskServer.csproj", "{CDCE7430-9E77-4C40-8C62-3F0FDAC71AF4}"
EndProject
Project("{9A19103F-16F7-4668-BE54-9A1E7A4F7556}") = "Domain", "Domain\Domain.csproj", "{8348E4E6-7D6F-46AC-A88C-741CA076A691}"
EndProject
Project("{9A19103F-16F7-4668-BE54-9A1E7A4F7556}") = "Data", "Data\Data.csproj", "{3E1C23EB-6798-44B5-9013-6FFC44BB09BB}"
EndProject
Project("{FAE04EC0-301F-11D3-BF4B-00C04F79EFBC}") = "Tests", "Tests\Tests.csproj", "{5FDD1F37-9DC7-490B-8634-E075669EEC16}"
EndProject
Global
	GlobalSection(SolutionConfigurationPlatforms) = preSolution
		Debug|Any CPU = Debug|Any CPU
		Release|Any CPU = Release|Any CPU
	EndGlobalSection
	GlobalSection(ProjectConfigurationPlatforms) = postSolution
		{CDCE7430-9E77-4C40-8C62-3F0FDAC71AF4}.Debug|Any CPU.ActiveCfg = Debug|Any CPU
		{CDCE7430-9E77-4C40-8C62-3F0FDAC71AF4}.Debug|Any CPU.Build.0 = Debug|Any CPU
		{CDCE7430-9E77-4C40-8C62-3F0FDAC71AF4}.Release|Any CPU.ActiveCfg = Release|Any CPU
		{CDCE7430-9E77-4C40-8C62-3F0FDAC71AF4}.Release|Any CPU.Build.0 = Release|Any CPU
		{8348E4E6-7D6F-46AC-A88C-741CA076A691}.Debug|Any CPU.ActiveCfg = Debug|Any CPU
		{8348E4E6-7D6F-46AC-A88C-741CA076A691}.Debug|Any CPU.Build.0 = Debug|Any CPU
		{8348E4E6-7D6F-46AC-A88C-741CA076A691}.Release|Any CPU.ActiveCfg = Release|Any CPU
		{8348E4E6-7D6F-46AC-A88C-741CA076A691}.Release|Any CPU.Build.0 = Release|Any CPU
		{3E1C23EB-6798-44B5-9013-6FFC44BB09BB}.Debug|Any CPU.ActiveCfg = Debug|Any CPU
		{3E1C23EB-6798-44B5-9013-6FFC44BB09BB}.Debug|Any CPU.Build.0 = Debug|Any CPU
		{3E1C23EB-6798-44B5-9013-6FFC44BB09BB}.Release|Any CPU.ActiveCfg = Release|Any CPU
		{3E1C23EB-6798-44B5-9013-6FFC44BB09BB}.Release|Any CPU.Build.0 = Release|Any CPU
		{5FDD1F37-9DC7-490B-8634-E075669EEC16}.Debug|Any CPU.ActiveCfg = Debug|Any CPU
		{5FDD1F37-9DC7-490B-8634-E075669EEC16}.Debug|Any CPU.Build.0 = Debug|Any CPU
		{5FDD1F37-9DC7-490B-8634-E075669EEC16}.Release|Any CPU.ActiveCfg = Release|Any CPU
		{5FDD1F37-9DC7-490B-8634-E075669EEC16}.Release|Any CPU.Build.0 = Release|Any CPU
	EndGlobalSection
	GlobalSection(SolutionProperties) = preSolution
		HideSolutionNode = FALSE
	EndGlobalSection
	GlobalSection(ExtensibilityGlobals) = postSolution
		SolutionGuid = {A26BBCAB-45C5-47D4-AE89-C37F9EF9645F}
	EndGlobalSection
EndGlobal
